
Microsoft Visual Studio Solution File, Format Version 12.00
# Visual Studio 15
VisualStudioVersion = 15.0.27130.2036
MinimumVisualStudioVersion = 10.0.40219.1
Project("{FAE04EC0-301F-11D3-BF4B-00C04F79EFBC}") = "Freud", "Freud\Freud.csproj", "{A533766A-DAD6-4B88-B463-56195814F771}"
EndProject
Global
	GlobalSection(SolutionConfigurationPlatforms) = preSolution
		Debug|Any CPU = Debug|Any CPU
		Release|Any CPU = Release|Any CPU
	EndGlobalSection
	GlobalSection(ProjectConfigurationPlatforms) = postSolution
		{A533766A-DAD6-4B88-B463-56195814F771}.Debug|Any CPU.ActiveCfg = Debug|Any CPU
		{A533766A-DAD6-4B88-B463-56195814F771}.Debug|Any CPU.Build.0 = Debug|Any CPU
		{A533766A-DAD6-4B88-B463-56195814F771}.Release|Any CPU.ActiveCfg = Release|Any CPU
		{A533766A-DAD6-4B88-B463-56195814F771}.Release|Any CPU.Build.0 = Release|Any CPU
	EndGlobalSection
	GlobalSection(SolutionProperties) = preSolution
		HideSolutionNode = FALSE
	EndGlobalSection
	GlobalSection(ExtensibilityGlobals) = postSolution
		SolutionGuid = {D38CF8EC-5320-4926-A845-085FDF6704A3}
	EndGlobalSection
EndGlobal
